<?xml version="1.0" encoding="utf-8"?>
<Project ToolsVersion="4.0" xmlns="http://schemas.microsoft.com/developer/msbuild/2003">
  <ItemGroup>
    <Filter Include="WinMain">
      <UniqueIdentifier>{69884c26-f183-4c1f-bf16-01a9578cb481}</UniqueIdentifier>
    </Filter>
    <Filter Include="Precompiled Code">
      <UniqueIdentifier>{90838b63-ee84-4194-a0c8-a550ff2b8a78}</UniqueIdentifier>
    </Filter>
    <Filter Include="Game">
      <UniqueIdentifier>{4899e386-ee6d-4758-a867-6a433bf13e23}</UniqueIdentifier>
    </Filter>
  </ItemGroup>
  <ItemGroup>
    <ClInclude Include="..\..\ZeroEngine\ZeroEngine\stdafx.h">
      <Filter>Precompiled Code</Filter>
    </ClInclude>
    <ClInclude Include="GameOverScene.h">
      <Filter>Game</Filter>
    </ClInclude>
    <ClInclude Include="InGameScene.h">
      <Filter>Game</Filter>
    </ClInclude>
    <ClInclude Include="Items.h">
      <Filter>Game</Filter>
    </ClInclude>
    <ClInclude Include="Map.h">
      <Filter>Game</Filter>
    </ClInclude>
    <ClInclude Include="Monster.h">
      <Filter>Game</Filter>
    </ClInclude>
    <ClInclude Include="Player.h">
      <Filter>Game</Filter>
    </ClInclude>
    <ClInclude Include="Serial.h">
      <Filter>Game</Filter>
    </ClInclude>
    <ClInclude Include="SerialUtil.h">
      <Filter>Game</Filter>
    </ClInclude>
    <ClInclude Include="TitleLoadScene.h">
      <Filter>Game</Filter>
    </ClInclude>
    <ClInclude Include="TitleScene.h">
      <Filter>Game</Filter>
    </ClInclude>
    <ClInclude Include="StoryScene.h">
      <Filter>Game</Filter>
    </ClInclude>
  </ItemGroup>
  <ItemGroup>
    <ClCompile Include="WinMain.cpp">
      <Filter>WinMain</Filter>
    </ClCompile>
    <ClCompile Include="stdafx.cpp">
      <Filter>Precompiled Code</Filter>
    </ClCompile>
    <ClCompile Include="GameOverScene.cpp">
      <Filter>Game</Filter>
    </ClCompile>
    <ClCompile Include="InGameScene.cpp">
      <Filter>Game</Filter>
    </ClCompile>
    <ClCompile Include="Items.cpp">
      <Filter>Game</Filter>
    </ClCompile>
    <ClCompile Include="Map.cpp">
      <Filter>Game</Filter>
    </ClCompile>
    <ClCompile Include="Monster.cpp">
      <Filter>Game</Filter>
    </ClCompile>
    <ClCompile Include="Player.cpp">
      <Filter>Game</Filter>
    </ClCompile>
    <ClCompile Include="Serial.cpp">
      <Filter>Game</Filter>
    </ClCompile>
    <ClCompile Include="SerialUtil.cpp">
      <Filter>Game</Filter>
    </ClCompile>
    <ClCompile Include="TitleLoadScene.cpp">
      <Filter>Game</Filter>
    </ClCompile>
    <ClCompile Include="TitleScene.cpp">
      <Filter>Game</Filter>
    </ClCompile>
    <ClCompile Include="StoryScene.cpp">
      <Filter>Game</Filter>
    </ClCompile>
  </ItemGroup>
</Project>